
Microsoft Visual Studio Solution File, Format Version 10.00
# Visual Web Developer Express 2008
Project("{FAE04EC0-301F-11D3-BF4B-00C04F79EFBC}") = "UserControl", "UserControl.csproj", "{75761EA5-9E9D-4A74-8907-2B767F5E1C54}"
EndProject
Global
	GlobalSection(SolutionConfigurationPlatforms) = preSolution
		Debug|Any CPU = Debug|Any CPU
	EndGlobalSection
	GlobalSection(ProjectConfigurationPlatforms) = postSolution
		{75761EA5-9E9D-4A74-8907-2B767F5E1C54}.Debug|Any CPU.ActiveCfg = Debug|Any CPU
		{75761EA5-9E9D-4A74-8907-2B767F5E1C54}.Debug|Any CPU.Build.0 = Debug|Any CPU
	EndGlobalSection
	GlobalSection(SolutionProperties) = preSolution
		HideSolutionNode = FALSE
	EndGlobalSection
EndGlobal
