
Microsoft Visual Studio Solution File, Format Version 11.00
# Visual Studio 2010
Project("{2150E333-8FDC-42A3-9474-1A3956D46DE8}") = "Items", "Items", "{40D1B0C1-C213-4EC3-B30D-091DF9AD69A2}"
	ProjectSection(SolutionItems) = preProject
		Balls.html = Balls.html
	EndProjectSection
EndProject
Global
	GlobalSection(SolutionProperties) = preSolution
		HideSolutionNode = FALSE
	EndGlobalSection
EndGlobal
